
Microsoft Visual Studio Solution File, Format Version 12.00
# Visual Studio 14
VisualStudioVersion = 14.0.25123.0
MinimumVisualStudioVersion = 10.0.40219.1
Project("{FAE04EC0-301F-11D3-BF4B-00C04F79EFBC}") = "GenerationText.BLL", "GenerationText.BLL\GenerationText.BLL.csproj", "{19B90963-B136-4D31-B528-523280BB9736}"
EndProject
Project("{FAE04EC0-301F-11D3-BF4B-00C04F79EFBC}") = "GenerationText.DAL", "GenerationText.DAL\GenerationText.DAL.csproj", "{D280BC89-99EC-49BC-B707-CBD0701A9353}"
EndProject
Project("{FAE04EC0-301F-11D3-BF4B-00C04F79EFBC}") = "GenerationText.BLL.Interface", "GenerationText.BLL.Interface\GenerationText.BLL.Interface.csproj", "{684D1F3B-4BAC-467D-8309-A7F8105FEC87}"
EndProject
Project("{FAE04EC0-301F-11D3-BF4B-00C04F79EFBC}") = "GenerationText.DAL.Interface", "GenerationText.DAL.Interface\GenerationText.DAL.Interface.csproj", "{327E06B2-C338-4A1E-BBC7-65C602A4CE31}"
EndProject
Project("{2150E333-8FDC-42A3-9474-1A3956D46DE8}") = "BLL", "BLL", "{3DC6D420-71FA-458C-B984-04DE00A0A012}"
EndProject
Project("{2150E333-8FDC-42A3-9474-1A3956D46DE8}") = "DAL", "DAL", "{8B8F5605-E83B-4CE4-94D1-BBC072C692D6}"
EndProject
Project("{2150E333-8FDC-42A3-9474-1A3956D46DE8}") = "PL", "PL", "{CD49D45B-BCE2-4DA3-87DB-2F02D55DF537}"
EndProject
Project("{FAE04EC0-301F-11D3-BF4B-00C04F79EFBC}") = "GeneratorPl", "GeneratorPl\GeneratorPl.csproj", "{0EB9A82E-F2B8-4FE4-B570-F013D0E8E78D}"
EndProject
Project("{FAE04EC0-301F-11D3-BF4B-00C04F79EFBC}") = "GenerationTextMarvoc.BLL", "GenerationTextMarvoc.BLL\GenerationTextMarvoc.BLL.csproj", "{BB8BF7FA-94D9-478B-B888-40ADDE2A7873}"
EndProject
Project("{2150E333-8FDC-42A3-9474-1A3956D46DE8}") = "Test", "Test", "{78C46702-2805-44F8-A1D7-585D5D650D88}"
EndProject
Project("{FAE04EC0-301F-11D3-BF4B-00C04F79EFBC}") = "TestGenerator", "TestGenerator\TestGenerator.csproj", "{B8E579E5-20B8-4E44-AA76-23A155000481}"
EndProject
Global
	GlobalSection(SolutionConfigurationPlatforms) = preSolution
		Debug|Any CPU = Debug|Any CPU
		Release|Any CPU = Release|Any CPU
	EndGlobalSection
	GlobalSection(ProjectConfigurationPlatforms) = postSolution
		{19B90963-B136-4D31-B528-523280BB9736}.Debug|Any CPU.ActiveCfg = Debug|Any CPU
		{19B90963-B136-4D31-B528-523280BB9736}.Debug|Any CPU.Build.0 = Debug|Any CPU
		{19B90963-B136-4D31-B528-523280BB9736}.Release|Any CPU.ActiveCfg = Release|Any CPU
		{19B90963-B136-4D31-B528-523280BB9736}.Release|Any CPU.Build.0 = Release|Any CPU
		{D280BC89-99EC-49BC-B707-CBD0701A9353}.Debug|Any CPU.ActiveCfg = Debug|Any CPU
		{D280BC89-99EC-49BC-B707-CBD0701A9353}.Debug|Any CPU.Build.0 = Debug|Any CPU
		{D280BC89-99EC-49BC-B707-CBD0701A9353}.Release|Any CPU.ActiveCfg = Release|Any CPU
		{D280BC89-99EC-49BC-B707-CBD0701A9353}.Release|Any CPU.Build.0 = Release|Any CPU
		{684D1F3B-4BAC-467D-8309-A7F8105FEC87}.Debug|Any CPU.ActiveCfg = Debug|Any CPU
		{684D1F3B-4BAC-467D-8309-A7F8105FEC87}.Debug|Any CPU.Build.0 = Debug|Any CPU
		{684D1F3B-4BAC-467D-8309-A7F8105FEC87}.Release|Any CPU.ActiveCfg = Release|Any CPU
		{684D1F3B-4BAC-467D-8309-A7F8105FEC87}.Release|Any CPU.Build.0 = Release|Any CPU
		{327E06B2-C338-4A1E-BBC7-65C602A4CE31}.Debug|Any CPU.ActiveCfg = Debug|Any CPU
		{327E06B2-C338-4A1E-BBC7-65C602A4CE31}.Debug|Any CPU.Build.0 = Debug|Any CPU
		{327E06B2-C338-4A1E-BBC7-65C602A4CE31}.Release|Any CPU.ActiveCfg = Release|Any CPU
		{327E06B2-C338-4A1E-BBC7-65C602A4CE31}.Release|Any CPU.Build.0 = Release|Any CPU
		{0EB9A82E-F2B8-4FE4-B570-F013D0E8E78D}.Debug|Any CPU.ActiveCfg = Debug|Any CPU
		{0EB9A82E-F2B8-4FE4-B570-F013D0E8E78D}.Debug|Any CPU.Build.0 = Debug|Any CPU
		{0EB9A82E-F2B8-4FE4-B570-F013D0E8E78D}.Release|Any CPU.ActiveCfg = Release|Any CPU
		{0EB9A82E-F2B8-4FE4-B570-F013D0E8E78D}.Release|Any CPU.Build.0 = Release|Any CPU
		{BB8BF7FA-94D9-478B-B888-40ADDE2A7873}.Debug|Any CPU.ActiveCfg = Debug|Any CPU
		{BB8BF7FA-94D9-478B-B888-40ADDE2A7873}.Debug|Any CPU.Build.0 = Debug|Any CPU
		{BB8BF7FA-94D9-478B-B888-40ADDE2A7873}.Release|Any CPU.ActiveCfg = Release|Any CPU
		{BB8BF7FA-94D9-478B-B888-40ADDE2A7873}.Release|Any CPU.Build.0 = Release|Any CPU
		{B8E579E5-20B8-4E44-AA76-23A155000481}.Debug|Any CPU.ActiveCfg = Debug|Any CPU
		{B8E579E5-20B8-4E44-AA76-23A155000481}.Debug|Any CPU.Build.0 = Debug|Any CPU
		{B8E579E5-20B8-4E44-AA76-23A155000481}.Release|Any CPU.ActiveCfg = Release|Any CPU
		{B8E579E5-20B8-4E44-AA76-23A155000481}.Release|Any CPU.Build.0 = Release|Any CPU
	EndGlobalSection
	GlobalSection(SolutionProperties) = preSolution
		HideSolutionNode = FALSE
	EndGlobalSection
	GlobalSection(NestedProjects) = preSolution
		{19B90963-B136-4D31-B528-523280BB9736} = {3DC6D420-71FA-458C-B984-04DE00A0A012}
		{D280BC89-99EC-49BC-B707-CBD0701A9353} = {8B8F5605-E83B-4CE4-94D1-BBC072C692D6}
		{684D1F3B-4BAC-467D-8309-A7F8105FEC87} = {3DC6D420-71FA-458C-B984-04DE00A0A012}
		{327E06B2-C338-4A1E-BBC7-65C602A4CE31} = {8B8F5605-E83B-4CE4-94D1-BBC072C692D6}
		{0EB9A82E-F2B8-4FE4-B570-F013D0E8E78D} = {CD49D45B-BCE2-4DA3-87DB-2F02D55DF537}
		{BB8BF7FA-94D9-478B-B888-40ADDE2A7873} = {3DC6D420-71FA-458C-B984-04DE00A0A012}
		{B8E579E5-20B8-4E44-AA76-23A155000481} = {78C46702-2805-44F8-A1D7-585D5D650D88}
	EndGlobalSection
EndGlobal
